// !$*UTF8*$!
{
	archiveVersion = 1;
	classes = {
	};
	objectVersion = 56;
	objects = {

/* Begin PBXBuildFile section */
		1BD64E8F2BC6267B00B093C7 /* IOS_networking_appApp.swift in Sources */ = {isa = PBXBuildFile; fileRef = 1BD64E8E2BC6267B00B093C7 /* IOS_networking_appApp.swift */; };
		1BD64E912BC6267B00B093C7 /* ContentView.swift in Sources */ = {isa = PBXBuildFile; fileRef = 1BD64E902BC6267B00B093C7 /* ContentView.swift */; };
		1BD64E932BC6269500B093C7 /* Assets.xcassets in Resources */ = {isa = PBXBuildFile; fileRef = 1BD64E922BC6269500B093C7 /* Assets.xcassets */; };
		1BD64E972BC6269500B093C7 /* Preview Assets.xcassets in Resources */ = {isa = PBXBuildFile; fileRef = 1BD64E962BC6269500B093C7 /* Preview Assets.xcassets */; };
		1BD64EA12BC6269800B093C7 /* IOS_networking_appTests.swift in Sources */ = {isa = PBXBuildFile; fileRef = 1BD64EA02BC6269800B093C7 /* IOS_networking_appTests.swift */; };
		1BD64EAB2BC6269800B093C7 /* IOS_networking_appUITests.swift in Sources */ = {isa = PBXBuildFile; fileRef = 1BD64EAA2BC6269800B093C7 /* IOS_networking_appUITests.swift */; };
		1BD64EAD2BC6269900B093C7 /* IOS_networking_appUITestsLaunchTests.swift in Sources */ = {isa = PBXBuildFile; fileRef = 1BD64EAC2BC6269900B093C7 /* IOS_networking_appUITestsLaunchTests.swift */; };
		1BD7909F2BC830B1002EA6F7 /* Quote.swift in Sources */ = {isa = PBXBuildFile; fileRef = 1BD7909E2BC830B1002EA6F7 /* Quote.swift */; };
		1BD790A12BC83126002EA6F7 /* Character.swift in Sources */ = {isa = PBXBuildFile; fileRef = 1BD790A02BC83126002EA6F7 /* Character.swift */; };
		1BD790A42BC832C1002EA6F7 /* FetchController.swift in Sources */ = {isa = PBXBuildFile; fileRef = 1BD790A32BC832C1002EA6F7 /* FetchController.swift */; };
		1BD790A62BCA5536002EA6F7 /* Constants.swift in Sources */ = {isa = PBXBuildFile; fileRef = 1BD790A52BCA5536002EA6F7 /* Constants.swift */; };
/* End PBXBuildFile section */

/* Begin PBXContainerItemProxy section */
		1BD64E9D2BC6269800B093C7 /* PBXContainerItemProxy */ = {
			isa = PBXContainerItemProxy;
			containerPortal = 1BD64E832BC6267900B093C7 /* Project object */;
			proxyType = 1;
			remoteGlobalIDString = 1BD64E8A2BC6267A00B093C7;
			remoteInfo = "IOS networking app";
		};
		1BD64EA72BC6269800B093C7 /* PBXContainerItemProxy */ = {
			isa = PBXContainerItemProxy;
			containerPortal = 1BD64E832BC6267900B093C7 /* Project object */;
			proxyType = 1;
			remoteGlobalIDString = 1BD64E8A2BC6267A00B093C7;
			remoteInfo = "IOS networking app";
		};
/* End PBXContainerItemProxy section */

/* Begin PBXFileReference section */
		1BD64E8B2BC6267B00B093C7 /* IOS networking app.app */ = {isa = PBXFileReference; explicitFileType = wrapper.application; includeInIndex = 0; path = "IOS networking app.app"; sourceTree = BUILT_PRODUCTS_DIR; };
		1BD64E8E2BC6267B00B093C7 /* IOS_networking_appApp.swift */ = {isa = PBXFileReference; lastKnownFileType = sourcecode.swift; path = IOS_networking_appApp.swift; sourceTree = "<group>"; };
		1BD64E902BC6267B00B093C7 /* ContentView.swift */ = {isa = PBXFileReference; lastKnownFileType = sourcecode.swift; path = ContentView.swift; sourceTree = "<group>"; };
		1BD64E922BC6269500B093C7 /* Assets.xcassets */ = {isa = PBXFileReference; lastKnownFileType = folder.assetcatalog; path = Assets.xcassets; sourceTree = "<group>"; };
		1BD64E942BC6269500B093C7 /* IOS_networking_app.entitlements */ = {isa = PBXFileReference; lastKnownFileType = text.plist.entitlements; path = IOS_networking_app.entitlements; sourceTree = "<group>"; };
		1BD64E962BC6269500B093C7 /* Preview Assets.xcassets */ = {isa = PBXFileReference; lastKnownFileType = folder.assetcatalog; path = "Preview Assets.xcassets"; sourceTree = "<group>"; };
		1BD64E9C2BC6269800B093C7 /* IOS networking appTests.xctest */ = {isa = PBXFileReference; explicitFileType = wrapper.cfbundle; includeInIndex = 0; path = "IOS networking appTests.xctest"; sourceTree = BUILT_PRODUCTS_DIR; };
		1BD64EA02BC6269800B093C7 /* IOS_networking_appTests.swift */ = {isa = PBXFileReference; lastKnownFileType = sourcecode.swift; path = IOS_networking_appTests.swift; sourceTree = "<group>"; };
		1BD64EA62BC6269800B093C7 /* IOS networking appUITests.xctest */ = {isa = PBXFileReference; explicitFileType = wrapper.cfbundle; includeInIndex = 0; path = "IOS networking appUITests.xctest"; sourceTree = BUILT_PRODUCTS_DIR; };
		1BD64EAA2BC6269800B093C7 /* IOS_networking_appUITests.swift */ = {isa = PBXFileReference; lastKnownFileType = sourcecode.swift; path = IOS_networking_appUITests.swift; sourceTree = "<group>"; };
		1BD64EAC2BC6269900B093C7 /* IOS_networking_appUITestsLaunchTests.swift */ = {isa = PBXFileReference; lastKnownFileType = sourcecode.swift; path = IOS_networking_appUITestsLaunchTests.swift; sourceTree = "<group>"; };
		1BD7909E2BC830B1002EA6F7 /* Quote.swift */ = {isa = PBXFileReference; lastKnownFileType = sourcecode.swift; path = Quote.swift; sourceTree = "<group>"; };
		1BD790A02BC83126002EA6F7 /* Character.swift */ = {isa = PBXFileReference; lastKnownFileType = sourcecode.swift; path = Character.swift; sourceTree = "<group>"; };
		1BD790A32BC832C1002EA6F7 /* FetchController.swift */ = {isa = PBXFileReference; lastKnownFileType = sourcecode.swift; path = FetchController.swift; sourceTree = "<group>"; };
		1BD790A52BCA5536002EA6F7 /* Constants.swift */ = {isa = PBXFileReference; lastKnownFileType = sourcecode.swift; path = Constants.swift; sourceTree = "<group>"; };
/* End PBXFileReference section */

/* Begin PBXFrameworksBuildPhase section */
		1BD64E882BC6267A00B093C7 /* Frameworks */ = {
			isa = PBXFrameworksBuildPhase;
			buildActionMask = 2147483647;
			files = (
			);
			runOnlyForDeploymentPostprocessing = 0;
		};
		1BD64E992BC6269800B093C7 /* Frameworks */ = {
			isa = PBXFrameworksBuildPhase;
			buildActionMask = 2147483647;
			files = (
			);
			runOnlyForDeploymentPostprocessing = 0;
		};
		1BD64EA32BC6269800B093C7 /* Frameworks */ = {
			isa = PBXFrameworksBuildPhase;
			buildActionMask = 2147483647;
			files = (
			);
			runOnlyForDeploymentPostprocessing = 0;
		};
/* End PBXFrameworksBuildPhase section */

/* Begin PBXGroup section */
		1BD64E822BC6267900B093C7 = {
			isa = PBXGroup;
			children = (
				1BD64E8D2BC6267B00B093C7 /* IOS networking app */,
				1BD64E9F2BC6269800B093C7 /* IOS networking appTests */,
				1BD64EA92BC6269800B093C7 /* IOS networking appUITests */,
				1BD64E8C2BC6267B00B093C7 /* Products */,
			);
			sourceTree = "<group>";
		};
		1BD64E8C2BC6267B00B093C7 /* Products */ = {
			isa = PBXGroup;
			children = (
				1BD64E8B2BC6267B00B093C7 /* IOS networking app.app */,
				1BD64E9C2BC6269800B093C7 /* IOS networking appTests.xctest */,
				1BD64EA62BC6269800B093C7 /* IOS networking appUITests.xctest */,
			);
			name = Products;
			sourceTree = "<group>";
		};
		1BD64E8D2BC6267B00B093C7 /* IOS networking app */ = {
			isa = PBXGroup;
			children = (
				1BD790A22BC8326F002EA6F7 /* data models */,
				1BD64E8E2BC6267B00B093C7 /* IOS_networking_appApp.swift */,
				1BD790A32BC832C1002EA6F7 /* FetchController.swift */,
				1BD790A52BCA5536002EA6F7 /* Constants.swift */,
				1BD64E902BC6267B00B093C7 /* ContentView.swift */,
				1BD64E922BC6269500B093C7 /* Assets.xcassets */,
				1BD64E942BC6269500B093C7 /* IOS_networking_app.entitlements */,
				1BD64E952BC6269500B093C7 /* Preview Content */,
			);
			path = "IOS networking app";
			sourceTree = "<group>";
		};
		1BD64E952BC6269500B093C7 /* Preview Content */ = {
			isa = PBXGroup;
			children = (
				1BD64E962BC6269500B093C7 /* Preview Assets.xcassets */,
			);
			path = "Preview Content";
			sourceTree = "<group>";
		};
		1BD64E9F2BC6269800B093C7 /* IOS networking appTests */ = {
			isa = PBXGroup;
			children = (
				1BD64EA02BC6269800B093C7 /* IOS_networking_appTests.swift */,
			);
			path = "IOS networking appTests";
			sourceTree = "<group>";
		};
		1BD64EA92BC6269800B093C7 /* IOS networking appUITests */ = {
			isa = PBXGroup;
			children = (
				1BD64EAA2BC6269800B093C7 /* IOS_networking_appUITests.swift */,
				1BD64EAC2BC6269900B093C7 /* IOS_networking_appUITestsLaunchTests.swift */,
			);
			path = "IOS networking appUITests";
			sourceTree = "<group>";
		};
		1BD790A22BC8326F002EA6F7 /* data models */ = {
			isa = PBXGroup;
			children = (
				1BD7909E2BC830B1002EA6F7 /* Quote.swift */,
				1BD790A02BC83126002EA6F7 /* Character.swift */,
			);
			path = "data models";
			sourceTree = "<group>";
		};
/* End PBXGroup section */

/* Begin PBXNativeTarget section */
		1BD64E8A2BC6267A00B093C7 /* IOS networking app */ = {
			isa = PBXNativeTarget;
			buildConfigurationList = 1BD64EB02BC6269900B093C7 /* Build configuration list for PBXNativeTarget "IOS networking app" */;
			buildPhases = (
				1BD64E872BC6267A00B093C7 /* Sources */,
				1BD64E882BC6267A00B093C7 /* Frameworks */,
				1BD64E892BC6267A00B093C7 /* Resources */,
			);
			buildRules = (
			);
			dependencies = (
			);
			name = "IOS networking app";
			productName = "IOS networking app";
			productReference = 1BD64E8B2BC6267B00B093C7 /* IOS networking app.app */;
			productType = "com.apple.product-type.application";
		};
		1BD64E9B2BC6269800B093C7 /* IOS networking appTests */ = {
			isa = PBXNativeTarget;
			buildConfigurationList = 1BD64EB32BC6269900B093C7 /* Build configuration list for PBXNativeTarget "IOS networking appTests" */;
			buildPhases = (
				1BD64E982BC6269800B093C7 /* Sources */,
				1BD64E992BC6269800B093C7 /* Frameworks */,
				1BD64E9A2BC6269800B093C7 /* Resources */,
			);
			buildRules = (
			);
			dependencies = (
				1BD64E9E2BC6269800B093C7 /* PBXTargetDependency */,
			);
			name = "IOS networking appTests";
			productName = "IOS networking appTests";
			productReference = 1BD64E9C2BC6269800B093C7 /* IOS networking appTests.xctest */;
			productType = "com.apple.product-type.bundle.unit-test";
		};
		1BD64EA52BC6269800B093C7 /* IOS networking appUITests */ = {
			isa = PBXNativeTarget;
			buildConfigurationList = 1BD64EB62BC6269900B093C7 /* Build configuration list for PBXNativeTarget "IOS networking appUITests" */;
			buildPhases = (
				1BD64EA22BC6269800B093C7 /* Sources */,
				1BD64EA32BC6269800B093C7 /* Frameworks */,
				1BD64EA42BC6269800B093C7 /* Resources */,
			);
			buildRules = (
			);
			dependencies = (
				1BD64EA82BC6269800B093C7 /* PBXTargetDependency */,
			);
			name = "IOS networking appUITests";
			productName = "IOS networking appUITests";
			productReference = 1BD64EA62BC6269800B093C7 /* IOS networking appUITests.xctest */;
			productType = "com.apple.product-type.bundle.ui-testing";
		};
/* End PBXNativeTarget section */

/* Begin PBXProject section */
		1BD64E832BC6267900B093C7 /* Project object */ = {
			isa = PBXProject;
			attributes = {
				BuildIndependentTargetsInParallel = 1;
				LastSwiftUpdateCheck = 1530;
				LastUpgradeCheck = 1530;
				TargetAttributes = {
					1BD64E8A2BC6267A00B093C7 = {
						CreatedOnToolsVersion = 15.3;
					};
					1BD64E9B2BC6269800B093C7 = {
						CreatedOnToolsVersion = 15.3;
						TestTargetID = 1BD64E8A2BC6267A00B093C7;
					};
					1BD64EA52BC6269800B093C7 = {
						CreatedOnToolsVersion = 15.3;
						TestTargetID = 1BD64E8A2BC6267A00B093C7;
					};
				};
			};
			buildConfigurationList = 1BD64E862BC6267900B093C7 /* Build configuration list for PBXProject "IOS networking app" */;
			compatibilityVersion = "Xcode 14.0";
			developmentRegion = en;
			hasScannedForEncodings = 0;
			knownRegions = (
				en,
				Base,
			);
			mainGroup = 1BD64E822BC6267900B093C7;
			productRefGroup = 1BD64E8C2BC6267B00B093C7 /* Products */;
			projectDirPath = "";
			projectRoot = "";
			targets = (
				1BD64E8A2BC6267A00B093C7 /* IOS networking app */,
				1BD64E9B2BC6269800B093C7 /* IOS networking appTests */,
				1BD64EA52BC6269800B093C7 /* IOS networking appUITests */,
			);
		};
/* End PBXProject section */

/* Begin PBXResourcesBuildPhase section */
		1BD64E892BC6267A00B093C7 /* Resources */ = {
			isa = PBXResourcesBuildPhase;
			buildActionMask = 2147483647;
			files = (
				1BD64E972BC6269500B093C7 /* Preview Assets.xcassets in Resources */,
				1BD64E932BC6269500B093C7 /* Assets.xcassets in Resources */,
			);
			runOnlyForDeploymentPostprocessing = 0;
		};
		1BD64E9A2BC6269800B093C7 /* Resources */ = {
			isa = PBXResourcesBuildPhase;
			buildActionMask = 2147483647;
			files = (
			);
			runOnlyForDeploymentPostprocessing = 0;
		};
		1BD64EA42BC6269800B093C7 /* Resources */ = {
			isa = PBXResourcesBuildPhase;
			buildActionMask = 2147483647;
			files = (
			);
			runOnlyForDeploymentPostprocessing = 0;
		};
/* End PBXResourcesBuildPhase section */

/* Begin PBXSourcesBuildPhase section */
		1BD64E872BC6267A00B093C7 /* Sources */ = {
			isa = PBXSourcesBuildPhase;
			buildActionMask = 2147483647;
			files = (
				1BD64E912BC6267B00B093C7 /* ContentView.swift in Sources */,
				1BD7909F2BC830B1002EA6F7 /* Quote.swift in Sources */,
				1BD64E8F2BC6267B00B093C7 /* IOS_networking_appApp.swift in Sources */,
				1BD790A42BC832C1002EA6F7 /* FetchController.swift in Sources */,
				1BD790A12BC83126002EA6F7 /* Character.swift in Sources */,
				1BD790A62BCA5536002EA6F7 /* Constants.swift in Sources */,
			);
			runOnlyForDeploymentPostprocessing = 0;
		};
		1BD64E982BC6269800B093C7 /* Sources */ = {
			isa = PBXSourcesBuildPhase;
			buildActionMask = 2147483647;
			files = (
				1BD64EA12BC6269800B093C7 /* IOS_networking_appTests.swift in Sources */,
			);
			runOnlyForDeploymentPostprocessing = 0;
		};
		1BD64EA22BC6269800B093C7 /* Sources */ = {
			isa = PBXSourcesBuildPhase;
			buildActionMask = 2147483647;
			files = (
				1BD64EAD2BC6269900B093C7 /* IOS_networking_appUITestsLaunchTests.swift in Sources */,
				1BD64EAB2BC6269800B093C7 /* IOS_networking_appUITests.swift in Sources */,
			);
			runOnlyForDeploymentPostprocessing = 0;
		};
/* End PBXSourcesBuildPhase section */

/* Begin PBXTargetDependency section */
		1BD64E9E2BC6269800B093C7 /* PBXTargetDependency */ = {
			isa = PBXTargetDependency;
			target = 1BD64E8A2BC6267A00B093C7 /* IOS networking app */;
			targetProxy = 1BD64E9D2BC6269800B093C7 /* PBXContainerItemProxy */;
		};
		1BD64EA82BC6269800B093C7 /* PBXTargetDependency */ = {
			isa = PBXTargetDependency;
			target = 1BD64E8A2BC6267A00B093C7 /* IOS networking app */;
			targetProxy = 1BD64EA72BC6269800B093C7 /* PBXContainerItemProxy */;
		};
/* End PBXTargetDependency section */

/* Begin XCBuildConfiguration section */
		1BD64EAE2BC6269900B093C7 /* Debug */ = {
			isa = XCBuildConfiguration;
			buildSettings = {
				ALWAYS_SEARCH_USER_PATHS = NO;
				ASSETCATALOG_COMPILER_GENERATE_SWIFT_ASSET_SYMBOL_EXTENSIONS = YES;
				CLANG_ANALYZER_NONNULL = YES;
				CLANG_ANALYZER_NUMBER_OBJECT_CONVERSION = YES_AGGRESSIVE;
				CLANG_CXX_LANGUAGE_STANDARD = "gnu++20";
				CLANG_ENABLE_MODULES = YES;
				CLANG_ENABLE_OBJC_ARC = YES;
				CLANG_ENABLE_OBJC_WEAK = YES;
				CLANG_WARN_BLOCK_CAPTURE_AUTORELEASING = YES;
				CLANG_WARN_BOOL_CONVERSION = YES;
				CLANG_WARN_COMMA = YES;
				CLANG_WARN_CONSTANT_CONVERSION = YES;
				CLANG_WARN_DEPRECATED_OBJC_IMPLEMENTATIONS = YES;
				CLANG_WARN_DIRECT_OBJC_ISA_USAGE = YES_ERROR;
				CLANG_WARN_DOCUMENTATION_COMMENTS = YES;
				CLANG_WARN_EMPTY_BODY = YES;
				CLANG_WARN_ENUM_CONVERSION = YES;
				CLANG_WARN_INFINITE_RECURSION = YES;
				CLANG_WARN_INT_CONVERSION = YES;
				CLANG_WARN_NON_LITERAL_NULL_CONVERSION = YES;
				CLANG_WARN_OBJC_IMPLICIT_RETAIN_SELF = YES;
				CLANG_WARN_OBJC_LITERAL_CONVERSION = YES;
				CLANG_WARN_OBJC_ROOT_CLASS = YES_ERROR;
				CLANG_WARN_QUOTED_INCLUDE_IN_FRAMEWORK_HEADER = YES;
				CLANG_WARN_RANGE_LOOP_ANALYSIS = YES;
				CLANG_WARN_STRICT_PROTOTYPES = YES;
				CLANG_WARN_SUSPICIOUS_MOVE = YES;
				CLANG_WARN_UNGUARDED_AVAILABILITY = YES_AGGRESSIVE;
				CLANG_WARN_UNREACHABLE_CODE = YES;
				CLANG_WARN__DUPLICATE_METHOD_MATCH = YES;
				COPY_PHASE_STRIP = NO;
				DEBUG_INFORMATION_FORMAT = dwarf;
				ENABLE_STRICT_OBJC_MSGSEND = YES;
				ENABLE_TESTABILITY = YES;
				ENABLE_USER_SCRIPT_SANDBOXING = YES;
				GCC_C_LANGUAGE_STANDARD = gnu17;
				GCC_DYNAMIC_NO_PIC = NO;
				GCC_NO_COMMON_BLOCKS = YES;
				GCC_OPTIMIZATION_LEVEL = 0;
				GCC_PREPROCESSOR_DEFINITIONS = (
					"DEBUG=1",
					"$(inherited)",
				);
				GCC_WARN_64_TO_32_BIT_CONVERSION = YES;
				GCC_WARN_ABOUT_RETURN_TYPE = YES_ERROR;
				GCC_WARN_UNDECLARED_SELECTOR = YES;
				GCC_WARN_UNINITIALIZED_AUTOS = YES_AGGRESSIVE;
				GCC_WARN_UNUSED_FUNCTION = YES;
				GCC_WARN_UNUSED_VARIABLE = YES;
				LOCALIZATION_PREFERS_STRING_CATALOGS = YES;
				MTL_ENABLE_DEBUG_INFO = INCLUDE_SOURCE;
				MTL_FAST_MATH = YES;
				ONLY_ACTIVE_ARCH = YES;
				SWIFT_ACTIVE_COMPILATION_CONDITIONS = "DEBUG $(inherited)";
				SWIFT_OPTIMIZATION_LEVEL = "-Onone";
			};
			name = Debug;
		};
		1BD64EAF2BC6269900B093C7 /* Release */ = {
			isa = XCBuildConfiguration;
			buildSettings = {
				ALWAYS_SEARCH_USER_PATHS = NO;
				ASSETCATALOG_COMPILER_GENERATE_SWIFT_ASSET_SYMBOL_EXTENSIONS = YES;
				CLANG_ANALYZER_NONNULL = YES;
				CLANG_ANALYZER_NUMBER_OBJECT_CONVERSION = YES_AGGRESSIVE;
				CLANG_CXX_LANGUAGE_STANDARD = "gnu++20";
				CLANG_ENABLE_MODULES = YES;
				CLANG_ENABLE_OBJC_ARC = YES;
				CLANG_ENABLE_OBJC_WEAK = YES;
				CLANG_WARN_BLOCK_CAPTURE_AUTORELEASING = YES;
				CLANG_WARN_BOOL_CONVERSION = YES;
				CLANG_WARN_COMMA = YES;
				CLANG_WARN_CONSTANT_CONVERSION = YES;
				CLANG_WARN_DEPRECATED_OBJC_IMPLEMENTATIONS = YES;
				CLANG_WARN_DIRECT_OBJC_ISA_USAGE = YES_ERROR;
				CLANG_WARN_DOCUMENTATION_COMMENTS = YES;
				CLANG_WARN_EMPTY_BODY = YES;
				CLANG_WARN_ENUM_CONVERSION = YES;
				CLANG_WARN_INFINITE_RECURSION = YES;
				CLANG_WARN_INT_CONVERSION = YES;
				CLANG_WARN_NON_LITERAL_NULL_CONVERSION = YES;
				CLANG_WARN_OBJC_IMPLICIT_RETAIN_SELF = YES;
				CLANG_WARN_OBJC_LITERAL_CONVERSION = YES;
				CLANG_WARN_OBJC_ROOT_CLASS = YES_ERROR;
				CLANG_WARN_QUOTED_INCLUDE_IN_FRAMEWORK_HEADER = YES;
				CLANG_WARN_RANGE_LOOP_ANALYSIS = YES;
				CLANG_WARN_STRICT_PROTOTYPES = YES;
				CLANG_WARN_SUSPICIOUS_MOVE = YES;
				CLANG_WARN_UNGUARDED_AVAILABILITY = YES_AGGRESSIVE;
				CLANG_WARN_UNREACHABLE_CODE = YES;
				CLANG_WARN__DUPLICATE_METHOD_MATCH = YES;
				COPY_PHASE_STRIP = NO;
				DEBUG_INFORMATION_FORMAT = "dwarf-with-dsym";
				ENABLE_NS_ASSERTIONS = NO;
				ENABLE_STRICT_OBJC_MSGSEND = YES;
				ENABLE_USER_SCRIPT_SANDBOXING = YES;
				GCC_C_LANGUAGE_STANDARD = gnu17;
				GCC_NO_COMMON_BLOCKS = YES;
				GCC_WARN_64_TO_32_BIT_CONVERSION = YES;
				GCC_WARN_ABOUT_RETURN_TYPE = YES_ERROR;
				GCC_WARN_UNDECLARED_SELECTOR = YES;
				GCC_WARN_UNINITIALIZED_AUTOS = YES_AGGRESSIVE;
				GCC_WARN_UNUSED_FUNCTION = YES;
				GCC_WARN_UNUSED_VARIABLE = YES;
				LOCALIZATION_PREFERS_STRING_CATALOGS = YES;
				MTL_ENABLE_DEBUG_INFO = NO;
				MTL_FAST_MATH = YES;
				SWIFT_COMPILATION_MODE = wholemodule;
			};
			name = Release;
		};
		1BD64EB12BC6269900B093C7 /* Debug */ = {
			isa = XCBuildConfiguration;
			buildSettings = {
				ASSETCATALOG_COMPILER_APPICON_NAME = AppIcon;
				ASSETCATALOG_COMPILER_GLOBAL_ACCENT_COLOR_NAME = AccentColor;
				CODE_SIGN_ENTITLEMENTS = "IOS networking app/IOS_networking_app.entitlements";
				CODE_SIGN_STYLE = Automatic;
				CURRENT_PROJECT_VERSION = 1;
				DEVELOPMENT_ASSET_PATHS = "\"IOS networking app/Preview Content\"";
				ENABLE_PREVIEWS = YES;
				GENERATE_INFOPLIST_FILE = YES;
				"INFOPLIST_KEY_UIApplicationSceneManifest_Generation[sdk=iphoneos*]" = YES;
				"INFOPLIST_KEY_UIApplicationSceneManifest_Generation[sdk=iphonesimulator*]" = YES;
				"INFOPLIST_KEY_UIApplicationSupportsIndirectInputEvents[sdk=iphoneos*]" = YES;
				"INFOPLIST_KEY_UIApplicationSupportsIndirectInputEvents[sdk=iphonesimulator*]" = YES;
				"INFOPLIST_KEY_UILaunchScreen_Generation[sdk=iphoneos*]" = YES;
				"INFOPLIST_KEY_UILaunchScreen_Generation[sdk=iphonesimulator*]" = YES;
				"INFOPLIST_KEY_UIStatusBarStyle[sdk=iphoneos*]" = UIStatusBarStyleDefault;
				"INFOPLIST_KEY_UIStatusBarStyle[sdk=iphonesimulator*]" = UIStatusBarStyleDefault;
				INFOPLIST_KEY_UISupportedInterfaceOrientations_iPad = "UIInterfaceOrientationPortrait UIInterfaceOrientationPortraitUpsideDown UIInterfaceOrientationLandscapeLeft UIInterfaceOrientationLandscapeRight";
				INFOPLIST_KEY_UISupportedInterfaceOrientations_iPhone = "UIInterfaceOrientationPortrait UIInterfaceOrientationLandscapeLeft UIInterfaceOrientationLandscapeRight";
				IPHONEOS_DEPLOYMENT_TARGET = 17.4;
				LD_RUNPATH_SEARCH_PATHS = "@executable_path/Frameworks";
				"LD_RUNPATH_SEARCH_PATHS[sdk=macosx*]" = "@executable_path/../Frameworks";
				MACOSX_DEPLOYMENT_TARGET = 14.4;
				MARKETING_VERSION = 1.0;
				PRODUCT_BUNDLE_IDENTIFIER = "com.shuklansh.IOS-networking-app";
				PRODUCT_NAME = "$(TARGET_NAME)";
				SDKROOT = auto;
				SUPPORTED_PLATFORMS = "iphoneos iphonesimulator macosx";
				SWIFT_EMIT_LOC_STRINGS = YES;
				SWIFT_VERSION = 5.0;
				TARGETED_DEVICE_FAMILY = "1,2";
			};
			name = Debug;
		};
		1BD64EB22BC6269900B093C7 /* Release */ = {
			isa = XCBuildConfiguration;
			buildSettings = {
				ASSETCATALOG_COMPILER_APPICON_NAME = AppIcon;
				ASSETCATALOG_COMPILER_GLOBAL_ACCENT_COLOR_NAME = AccentColor;
				CODE_SIGN_ENTITLEMENTS = "IOS networking app/IOS_networking_app.entitlements";
				CODE_SIGN_STYLE = Automatic;
				CURRENT_PROJECT_VERSION = 1;
				DEVELOPMENT_ASSET_PATHS = "\"IOS networking app/Preview Content\"";
				ENABLE_PREVIEWS = YES;
				GENERATE_INFOPLIST_FILE = YES;
				"INFOPLIST_KEY_UIApplicationSceneManifest_Generation[sdk=iphoneos*]" = YES;
				"INFOPLIST_KEY_UIApplicationSceneManifest_Generation[sdk=iphonesimulator*]" = YES;
				"INFOPLIST_KEY_UIApplicationSupportsIndirectInputEvents[sdk=iphoneos*]" = YES;
				"INFOPLIST_KEY_UIApplicationSupportsIndirectInputEvents[sdk=iphonesimulator*]" = YES;
				"INFOPLIST_KEY_UILaunchScreen_Generation[sdk=iphoneos*]" = YES;
				"INFOPLIST_KEY_UILaunchScreen_Generation[sdk=iphonesimulator*]" = YES;
				"INFOPLIST_KEY_UIStatusBarStyle[sdk=iphoneos*]" = UIStatusBarStyleDefault;
				"INFOPLIST_KEY_UIStatusBarStyle[sdk=iphonesimulator*]" = UIStatusBarStyleDefault;
				INFOPLIST_KEY_UISupportedInterfaceOrientations_iPad = "UIInterfaceOrientationPortrait UIInterfaceOrientationPortraitUpsideDown UIInterfaceOrientationLandscapeLeft UIInterfaceOrientationLandscapeRight";
				INFOPLIST_KEY_UISupportedInterfaceOrientations_iPhone = "UIInterfaceOrientationPortrait UIInterfaceOrientationLandscapeLeft UIInterfaceOrientationLandscapeRight";
				IPHONEOS_DEPLOYMENT_TARGET = 17.4;
				LD_RUNPATH_SEARCH_PATHS = "@executable_path/Frameworks";
				"LD_RUNPATH_SEARCH_PATHS[sdk=macosx*]" = "@executable_path/../Frameworks";
				MACOSX_DEPLOYMENT_TARGET = 14.4;
				MARKETING_VERSION = 1.0;
				PRODUCT_BUNDLE_IDENTIFIER = "com.shuklansh.IOS-networking-app";
				PRODUCT_NAME = "$(TARGET_NAME)";
				SDKROOT = auto;
				SUPPORTED_PLATFORMS = "iphoneos iphonesimulator macosx";
				SWIFT_EMIT_LOC_STRINGS = YES;
				SWIFT_VERSION = 5.0;
				TARGETED_DEVICE_FAMILY = "1,2";
			};
			name = Release;
		};
		1BD64EB42BC6269900B093C7 /* Debug */ = {
			isa = XCBuildConfiguration;
			buildSettings = {
				ALWAYS_EMBED_SWIFT_STANDARD_LIBRARIES = YES;
				BUNDLE_LOADER = "$(TEST_HOST)";
				CODE_SIGN_STYLE = Automatic;
				CURRENT_PROJECT_VERSION = 1;
				GENERATE_INFOPLIST_FILE = YES;
				IPHONEOS_DEPLOYMENT_TARGET = 17.4;
				MACOSX_DEPLOYMENT_TARGET = 14.4;
				MARKETING_VERSION = 1.0;
				PRODUCT_BUNDLE_IDENTIFIER = "com.shuklansh.IOS-networking-appTests";
				PRODUCT_NAME = "$(TARGET_NAME)";
				SDKROOT = auto;
				SUPPORTED_PLATFORMS = "iphoneos iphonesimulator macosx";
				SWIFT_EMIT_LOC_STRINGS = NO;
				SWIFT_VERSION = 5.0;
				TARGETED_DEVICE_FAMILY = "1,2";
				TEST_HOST = "$(BUILT_PRODUCTS_DIR)/IOS networking app.app/$(BUNDLE_EXECUTABLE_FOLDER_PATH)/IOS networking app";
			};
			name = Debug;
		};
		1BD64EB52BC6269900B093C7 /* Release */ = {
			isa = XCBuildConfiguration;
			buildSettings = {
				ALWAYS_EMBED_SWIFT_STANDARD_LIBRARIES = YES;
				BUNDLE_LOADER = "$(TEST_HOST)";
				CODE_SIGN_STYLE = Automatic;
				CURRENT_PROJECT_VERSION = 1;
				GENERATE_INFOPLIST_FILE = YES;
				IPHONEOS_DEPLOYMENT_TARGET = 17.4;
				MACOSX_DEPLOYMENT_TARGET = 14.4;
				MARKETING_VERSION = 1.0;
				PRODUCT_BUNDLE_IDENTIFIER = "com.shuklansh.IOS-networking-appTests";
				PRODUCT_NAME = "$(TARGET_NAME)";
				SDKROOT = auto;
				SUPPORTED_PLATFORMS = "iphoneos iphonesimulator macosx";
				SWIFT_EMIT_LOC_STRINGS = NO;
				SWIFT_VERSION = 5.0;
				TARGETED_DEVICE_FAMILY = "1,2";
				TEST_HOST = "$(BUILT_PRODUCTS_DIR)/IOS networking app.app/$(BUNDLE_EXECUTABLE_FOLDER_PATH)/IOS networking app";
			};
			name = Release;
		};
		1BD64EB72BC6269900B093C7 /* Debug */ = {
			isa = XCBuildConfiguration;
			buildSettings = {
				ALWAYS_EMBED_SWIFT_STANDARD_LIBRARIES = YES;
				CODE_SIGN_STYLE = Automatic;
				CURRENT_PROJECT_VERSION = 1;
				GENERATE_INFOPLIST_FILE = YES;
				IPHONEOS_DEPLOYMENT_TARGET = 17.4;
				MACOSX_DEPLOYMENT_TARGET = 14.4;
				MARKETING_VERSION = 1.0;
				PRODUCT_BUNDLE_IDENTIFIER = "com.shuklansh.IOS-networking-appUITests";
				PRODUCT_NAME = "$(TARGET_NAME)";
				SDKROOT = auto;
				SUPPORTED_PLATFORMS = "iphoneos iphonesimulator macosx";
				SWIFT_EMIT_LOC_STRINGS = NO;
				SWIFT_VERSION = 5.0;
				TARGETED_DEVICE_FAMILY = "1,2";
				TEST_TARGET_NAME = "IOS networking app";
			};
			name = Debug;
		};
		1BD64EB82BC6269900B093C7 /* Release */ = {
			isa = XCBuildConfiguration;
			buildSettings = {
				ALWAYS_EMBED_SWIFT_STANDARD_LIBRARIES = YES;
				CODE_SIGN_STYLE = Automatic;
				CURRENT_PROJECT_VERSION = 1;
				GENERATE_INFOPLIST_FILE = YES;
				IPHONEOS_DEPLOYMENT_TARGET = 17.4;
				MACOSX_DEPLOYMENT_TARGET = 14.4;
				MARKETING_VERSION = 1.0;
				PRODUCT_BUNDLE_IDENTIFIER = "com.shuklansh.IOS-networking-appUITests";
				PRODUCT_NAME = "$(TARGET_NAME)";
				SDKROOT = auto;
				SUPPORTED_PLATFORMS = "iphoneos iphonesimulator macosx";
				SWIFT_EMIT_LOC_STRINGS = NO;
				SWIFT_VERSION = 5.0;
				TARGETED_DEVICE_FAMILY = "1,2";
				TEST_TARGET_NAME = "IOS networking app";
			};
			name = Release;
		};
/* End XCBuildConfiguration section */

/* Begin XCConfigurationList section */
		1BD64E862BC6267900B093C7 /* Build configuration list for PBXProject "IOS networking app" */ = {
			isa = XCConfigurationList;
			buildConfigurations = (
				1BD64EAE2BC6269900B093C7 /* Debug */,
				1BD64EAF2BC6269900B093C7 /* Release */,
			);
			defaultConfigurationIsVisible = 0;
			defaultConfigurationName = Release;
		};
		1BD64EB02BC6269900B093C7 /* Build configuration list for PBXNativeTarget "IOS networking app" */ = {
			isa = XCConfigurationList;
			buildConfigurations = (
				1BD64EB12BC6269900B093C7 /* Debug */,
				1BD64EB22BC6269900B093C7 /* Release */,
			);
			defaultConfigurationIsVisible = 0;
			defaultConfigurationName = Release;
		};
		1BD64EB32BC6269900B093C7 /* Build configuration list for PBXNativeTarget "IOS networking appTests" */ = {
			isa = XCConfigurationList;
			buildConfigurations = (
				1BD64EB42BC6269900B093C7 /* Debug */,
				1BD64EB52BC6269900B093C7 /* Release */,
			);
			defaultConfigurationIsVisible = 0;
			defaultConfigurationName = Release;
		};
		1BD64EB62BC6269900B093C7 /* Build configuration list for PBXNativeTarget "IOS networking appUITests" */ = {
			isa = XCConfigurationList;
			buildConfigurations = (
				1BD64EB72BC6269900B093C7 /* Debug */,
				1BD64EB82BC6269900B093C7 /* Release */,
			);
			defaultConfigurationIsVisible = 0;
			defaultConfigurationName = Release;
		};
/* End XCConfigurationList section */
	};
	rootObject = 1BD64E832BC6267900B093C7 /* Project object */;
}
